dependencies:
  espressif/esp-dl:
    dependencies:
    - name: idf
      version: '>=5.3'
    source:
      path: /home/dahao/esp/esp-dl/esp-dl
      type: local
    targets:
    - esp32s3
    - esp32p4
    version: 3.0.0~1-rc.1
  idf:
    source:
      type: idf
    version: 5.3.1
direct_dependencies:
- espressif/esp-dl
manifest_hash: 993a0fc3fdbe33c43a01dfeb87920e802330c3868055a3ed9ab4efa8780c1086
target: esp32s3
version: 2.0.0
